
Microsoft Visual Studio Solution File, Format Version 12.00
# Visual Studio Version 17
VisualStudioVersion = 17.9.34902.65
MinimumVisualStudioVersion = 10.0.40219.1
Project("{FAE04EC0-301F-11D3-BF4B-00C04F79EFBC}") = "PdksApp.WinForm", "PdksApp.WinForm\PdksApp.WinForm.csproj", "{5706B126-D340-468A-BD9E-919BAA885C82}"
EndProject
Project("{9A19103F-16F7-4668-BE54-9A1E7A4F7556}") = "TestConsole", "TestConsole\TestConsole.csproj", "{E2065356-251F-4874-B376-881BCBCEFDFD}"
EndProject
Project("{FAE04EC0-301F-11D3-BF4B-00C04F79EFBC}") = "PdksApp.DAL", "PdksApp.DAL\PdksApp.DAL.csproj", "{89831296-8377-4F4B-A7F9-ADDE6A149B29}"
EndProject
Project("{FAE04EC0-301F-11D3-BF4B-00C04F79EFBC}") = "PdksApp.Entities", "PdksApp.Entities\PdksApp.Entities.csproj", "{EF89E68D-CBE0-4736-AA03-57D40DAEE25A}"
EndProject
Project("{FAE04EC0-301F-11D3-BF4B-00C04F79EFBC}") = "PdksApp.Bussines", "PdksApp.Bussines\PdksApp.Bussines.csproj", "{551806D8-F6E3-41C1-9703-142D12597B26}"
EndProject
Global
	GlobalSection(SolutionConfigurationPlatforms) = preSolution
		Debug|Any CPU = Debug|Any CPU
		Release|Any CPU = Release|Any CPU
	EndGlobalSection
	GlobalSection(ProjectConfigurationPlatforms) = postSolution
		{5706B126-D340-468A-BD9E-919BAA885C82}.Debug|Any CPU.ActiveCfg = Debug|Any CPU
		{5706B126-D340-468A-BD9E-919BAA885C82}.Debug|Any CPU.Build.0 = Debug|Any CPU
		{5706B126-D340-468A-BD9E-919BAA885C82}.Release|Any CPU.ActiveCfg = Release|Any CPU
		{5706B126-D340-468A-BD9E-919BAA885C82}.Release|Any CPU.Build.0 = Release|Any CPU
		{E2065356-251F-4874-B376-881BCBCEFDFD}.Debug|Any CPU.ActiveCfg = Debug|Any CPU
		{E2065356-251F-4874-B376-881BCBCEFDFD}.Debug|Any CPU.Build.0 = Debug|Any CPU
		{E2065356-251F-4874-B376-881BCBCEFDFD}.Release|Any CPU.ActiveCfg = Release|Any CPU
		{E2065356-251F-4874-B376-881BCBCEFDFD}.Release|Any CPU.Build.0 = Release|Any CPU
		{89831296-8377-4F4B-A7F9-ADDE6A149B29}.Debug|Any CPU.ActiveCfg = Debug|Any CPU
		{89831296-8377-4F4B-A7F9-ADDE6A149B29}.Debug|Any CPU.Build.0 = Debug|Any CPU
		{89831296-8377-4F4B-A7F9-ADDE6A149B29}.Release|Any CPU.ActiveCfg = Release|Any CPU
		{89831296-8377-4F4B-A7F9-ADDE6A149B29}.Release|Any CPU.Build.0 = Release|Any CPU
		{EF89E68D-CBE0-4736-AA03-57D40DAEE25A}.Debug|Any CPU.ActiveCfg = Debug|Any CPU
		{EF89E68D-CBE0-4736-AA03-57D40DAEE25A}.Debug|Any CPU.Build.0 = Debug|Any CPU
		{EF89E68D-CBE0-4736-AA03-57D40DAEE25A}.Release|Any CPU.ActiveCfg = Release|Any CPU
		{EF89E68D-CBE0-4736-AA03-57D40DAEE25A}.Release|Any CPU.Build.0 = Release|Any CPU
		{551806D8-F6E3-41C1-9703-142D12597B26}.Debug|Any CPU.ActiveCfg = Debug|Any CPU
		{551806D8-F6E3-41C1-9703-142D12597B26}.Debug|Any CPU.Build.0 = Debug|Any CPU
		{551806D8-F6E3-41C1-9703-142D12597B26}.Release|Any CPU.ActiveCfg = Release|Any CPU
		{551806D8-F6E3-41C1-9703-142D12597B26}.Release|Any CPU.Build.0 = Release|Any CPU
	EndGlobalSection
	GlobalSection(SolutionProperties) = preSolution
		HideSolutionNode = FALSE
	EndGlobalSection
	GlobalSection(ExtensibilityGlobals) = postSolution
		SolutionGuid = {3F828DFA-2CA0-42AE-9886-077BD26FD7F2}
	EndGlobalSection
EndGlobal
